
Microsoft Visual Studio Solution File, Format Version 12.00
# Visual Studio Version 16
VisualStudioVersion = 16.0.31112.23
MinimumVisualStudioVersion = 10.0.40219.1
Project("{FAE04EC0-301F-11D3-BF4B-00C04F79EFBC}") = "Consumer", "Consumer\Consumer.csproj", "{6BB3DD56-FD12-490F-BEFF-046D077F133B}"
EndProject
Project("{FAE04EC0-301F-11D3-BF4B-00C04F79EFBC}") = "Producer", "Producer\Producer.csproj", "{0BD41F63-92D5-44DB-8854-0C02E5286F86}"
EndProject
Global
	GlobalSection(SolutionConfigurationPlatforms) = preSolution
		Debug|Any CPU = Debug|Any CPU
		Release|Any CPU = Release|Any CPU
	EndGlobalSection
	GlobalSection(ProjectConfigurationPlatforms) = postSolution
		{6BB3DD56-FD12-490F-BEFF-046D077F133B}.Debug|Any CPU.ActiveCfg = Debug|Any CPU
		{6BB3DD56-FD12-490F-BEFF-046D077F133B}.Debug|Any CPU.Build.0 = Debug|Any CPU
		{6BB3DD56-FD12-490F-BEFF-046D077F133B}.Release|Any CPU.ActiveCfg = Release|Any CPU
		{6BB3DD56-FD12-490F-BEFF-046D077F133B}.Release|Any CPU.Build.0 = Release|Any CPU
		{0BD41F63-92D5-44DB-8854-0C02E5286F86}.Debug|Any CPU.ActiveCfg = Debug|Any CPU
		{0BD41F63-92D5-44DB-8854-0C02E5286F86}.Debug|Any CPU.Build.0 = Debug|Any CPU
		{0BD41F63-92D5-44DB-8854-0C02E5286F86}.Release|Any CPU.ActiveCfg = Release|Any CPU
		{0BD41F63-92D5-44DB-8854-0C02E5286F86}.Release|Any CPU.Build.0 = Release|Any CPU
	EndGlobalSection
	GlobalSection(SolutionProperties) = preSolution
		HideSolutionNode = FALSE
	EndGlobalSection
	GlobalSection(ExtensibilityGlobals) = postSolution
		SolutionGuid = {DE0184D6-ED01-4FFA-AF07-D57D73930928}
	EndGlobalSection
EndGlobal
